{
  "name": "exemplo02",
  "version": "1.0.0",
  "lockfileVersion": 2,
  "requires": true,
  "packages": {
    "": {
      "name": "exemplo02",
      "version": "1.0.0",
      "license": "ISC",
      "dependencies": {
        "calculadora": "file:../Calculadora"
      }
    },
    "../Calculadora": {
      "name": "calculadora"
    },
    "calculadora": {
      "extraneous": true
    },
    "node_modules/calculadora": {
      "resolved": "../Calculadora",
      "link": true
    }
  },
  "dependencies": {
    "calculadora": {
      "version": "file:../Calculadora"
    }
  }
}
